
Microsoft Visual Studio Solution File, Format Version 12.00
# Visual Studio Version 16
VisualStudioVersion = 16.0.30907.101
MinimumVisualStudioVersion = 10.0.40219.1
Project("{9A19103F-16F7-4668-BE54-9A1E7A4F7556}") = "DataAccess", "DataAccess\DataAccess.csproj", "{FD17BBF9-C797-43A8-957F-064A4CA4BF97}"
EndProject
Project("{9A19103F-16F7-4668-BE54-9A1E7A4F7556}") = "Business", "Business\Business.csproj", "{A1DE6CBB-C3B4-43EB-9640-15B49673AFB9}"
EndProject
Project("{9A19103F-16F7-4668-BE54-9A1E7A4F7556}") = "Entities", "Entities\Entities.csproj", "{33649C46-23F9-41EB-A7D4-34A79D373001}"
EndProject
Project("{9A19103F-16F7-4668-BE54-9A1E7A4F7556}") = "ConsoleUI", "ConsoleUI\ConsoleUI.csproj", "{1A3D51BD-3230-489C-BD73-6683C2D702DD}"
EndProject
Project("{FAE04EC0-301F-11D3-BF4B-00C04F79EFBC}") = "LinqProject", "LinqProject\LinqProject.csproj", "{416C9064-930D-42ED-9A4E-04E9F26179B6}"
EndProject
Global
	GlobalSection(SolutionConfigurationPlatforms) = preSolution
		Debug|Any CPU = Debug|Any CPU
		Release|Any CPU = Release|Any CPU
	EndGlobalSection
	GlobalSection(ProjectConfigurationPlatforms) = postSolution
		{FD17BBF9-C797-43A8-957F-064A4CA4BF97}.Debug|Any CPU.ActiveCfg = Debug|Any CPU
		{FD17BBF9-C797-43A8-957F-064A4CA4BF97}.Debug|Any CPU.Build.0 = Debug|Any CPU
		{FD17BBF9-C797-43A8-957F-064A4CA4BF97}.Release|Any CPU.ActiveCfg = Release|Any CPU
		{FD17BBF9-C797-43A8-957F-064A4CA4BF97}.Release|Any CPU.Build.0 = Release|Any CPU
		{A1DE6CBB-C3B4-43EB-9640-15B49673AFB9}.Debug|Any CPU.ActiveCfg = Debug|Any CPU
		{A1DE6CBB-C3B4-43EB-9640-15B49673AFB9}.Debug|Any CPU.Build.0 = Debug|Any CPU
		{A1DE6CBB-C3B4-43EB-9640-15B49673AFB9}.Release|Any CPU.ActiveCfg = Release|Any CPU
		{A1DE6CBB-C3B4-43EB-9640-15B49673AFB9}.Release|Any CPU.Build.0 = Release|Any CPU
		{33649C46-23F9-41EB-A7D4-34A79D373001}.Debug|Any CPU.ActiveCfg = Debug|Any CPU
		{33649C46-23F9-41EB-A7D4-34A79D373001}.Debug|Any CPU.Build.0 = Debug|Any CPU
		{33649C46-23F9-41EB-A7D4-34A79D373001}.Release|Any CPU.ActiveCfg = Release|Any CPU
		{33649C46-23F9-41EB-A7D4-34A79D373001}.Release|Any CPU.Build.0 = Release|Any CPU
		{1A3D51BD-3230-489C-BD73-6683C2D702DD}.Debug|Any CPU.ActiveCfg = Debug|Any CPU
		{1A3D51BD-3230-489C-BD73-6683C2D702DD}.Debug|Any CPU.Build.0 = Debug|Any CPU
		{1A3D51BD-3230-489C-BD73-6683C2D702DD}.Release|Any CPU.ActiveCfg = Release|Any CPU
		{1A3D51BD-3230-489C-BD73-6683C2D702DD}.Release|Any CPU.Build.0 = Release|Any CPU
		{416C9064-930D-42ED-9A4E-04E9F26179B6}.Debug|Any CPU.ActiveCfg = Debug|Any CPU
		{416C9064-930D-42ED-9A4E-04E9F26179B6}.Debug|Any CPU.Build.0 = Debug|Any CPU
		{416C9064-930D-42ED-9A4E-04E9F26179B6}.Release|Any CPU.ActiveCfg = Release|Any CPU
		{416C9064-930D-42ED-9A4E-04E9F26179B6}.Release|Any CPU.Build.0 = Release|Any CPU
	EndGlobalSection
	GlobalSection(SolutionProperties) = preSolution
		HideSolutionNode = FALSE
	EndGlobalSection
	GlobalSection(ExtensibilityGlobals) = postSolution
		SolutionGuid = {32C4723E-D3B9-45B5-8EB1-3DD4B96A17DE}
	EndGlobalSection
EndGlobal
